
Microsoft Visual Studio Solution File, Format Version 12.00
# Visual Studio 15
VisualStudioVersion = 15.0.28307.136
MinimumVisualStudioVersion = 10.0.40219.1
Project("{888888A0-9F3D-457C-B088-3A5042F75D52}") = "BinaryDemo", "BinaryDemo\BinaryDemo.pyproj", "{79C01BF6-1F06-426B-B986-46B932C8DA3A}"
EndProject
Project("{888888A0-9F3D-457C-B088-3A5042F75D52}") = "IconDemo", "IconDemo\IconDemo.pyproj", "{85B5E545-3AC8-4B21-B570-375BC15618BE}"
EndProject
Project("{888888A0-9F3D-457C-B088-3A5042F75D52}") = "UIDemo", "UIDemo\UIDemo.pyproj", "{177837BD-28C0-4136-85B8-47B12430B917}"
EndProject
Project("{888888A0-9F3D-457C-B088-3A5042F75D52}") = "LabelDemo", "LabelDemo\LabelDemo.pyproj", "{693F08E6-78AD-4869-927F-21F1D0CDD9F6}"
EndProject
Project("{888888A0-9F3D-457C-B088-3A5042F75D52}") = "SumDemo", "SumDemo\SumDemo.pyproj", "{3FFA9286-1EC2-4F63-AF39-7E0CFB6EF7B1}"
EndProject
Project("{888888A0-9F3D-457C-B088-3A5042F75D52}") = "StringDemo", "StringDemo\StringDemo.pyproj", "{D5D10AFD-BAF0-4B0B-9367-95A38BD2DF40}"
EndProject
Global
	GlobalSection(SolutionConfigurationPlatforms) = preSolution
		Debug|Any CPU = Debug|Any CPU
		Release|Any CPU = Release|Any CPU
	EndGlobalSection
	GlobalSection(ProjectConfigurationPlatforms) = postSolution
		{79C01BF6-1F06-426B-B986-46B932C8DA3A}.Debug|Any CPU.ActiveCfg = Debug|Any CPU
		{79C01BF6-1F06-426B-B986-46B932C8DA3A}.Release|Any CPU.ActiveCfg = Release|Any CPU
		{85B5E545-3AC8-4B21-B570-375BC15618BE}.Debug|Any CPU.ActiveCfg = Debug|Any CPU
		{85B5E545-3AC8-4B21-B570-375BC15618BE}.Release|Any CPU.ActiveCfg = Release|Any CPU
		{177837BD-28C0-4136-85B8-47B12430B917}.Debug|Any CPU.ActiveCfg = Debug|Any CPU
		{177837BD-28C0-4136-85B8-47B12430B917}.Release|Any CPU.ActiveCfg = Release|Any CPU
		{693F08E6-78AD-4869-927F-21F1D0CDD9F6}.Debug|Any CPU.ActiveCfg = Debug|Any CPU
		{693F08E6-78AD-4869-927F-21F1D0CDD9F6}.Release|Any CPU.ActiveCfg = Release|Any CPU
		{3FFA9286-1EC2-4F63-AF39-7E0CFB6EF7B1}.Debug|Any CPU.ActiveCfg = Debug|Any CPU
		{3FFA9286-1EC2-4F63-AF39-7E0CFB6EF7B1}.Release|Any CPU.ActiveCfg = Release|Any CPU
		{D5D10AFD-BAF0-4B0B-9367-95A38BD2DF40}.Debug|Any CPU.ActiveCfg = Debug|Any CPU
		{D5D10AFD-BAF0-4B0B-9367-95A38BD2DF40}.Release|Any CPU.ActiveCfg = Release|Any CPU
	EndGlobalSection
	GlobalSection(SolutionProperties) = preSolution
		HideSolutionNode = FALSE
	EndGlobalSection
	GlobalSection(ExtensibilityGlobals) = postSolution
		SolutionGuid = {809A14C7-1D1C-4B5C-80D9-9C2C0CB29F03}
	EndGlobalSection
EndGlobal
